
Microsoft Visual Studio Solution File, Format Version 12.00
# Visual Studio Version 17
VisualStudioVersion = 17.3.32519.111
MinimumVisualStudioVersion = 15.0.26124.0
Project("{9A19103F-16F7-4668-BE54-9A1E7A4F7556}") = "mTellerPresentation", "mTellerPresentation\mTellerPresentation.csproj", "{6E7F7E0E-FC39-49E6-A637-ED199D88D060}"
EndProject
Project("{2150E333-8FDC-42A3-9474-1A3956D46DE8}") = "UI", "UI", "{A9BF47AA-592C-4F1B-B04F-8B31DAEC9879}"
EndProject
Global
	GlobalSection(SolutionConfigurationPlatforms) = preSolution
		Debug|Any CPU = Debug|Any CPU
		Debug|x64 = Debug|x64
		Debug|x86 = Debug|x86
		Release|Any CPU = Release|Any CPU
		Release|x64 = Release|x64
		Release|x86 = Release|x86
	EndGlobalSection
	GlobalSection(ProjectConfigurationPlatforms) = postSolution
		{6E7F7E0E-FC39-49E6-A637-ED199D88D060}.Debug|Any CPU.ActiveCfg = Debug|Any CPU
		{6E7F7E0E-FC39-49E6-A637-ED199D88D060}.Debug|Any CPU.Build.0 = Debug|Any CPU
		{6E7F7E0E-FC39-49E6-A637-ED199D88D060}.Debug|x64.ActiveCfg = Debug|Any CPU
		{6E7F7E0E-FC39-49E6-A637-ED199D88D060}.Debug|x64.Build.0 = Debug|Any CPU
		{6E7F7E0E-FC39-49E6-A637-ED199D88D060}.Debug|x86.ActiveCfg = Debug|Any CPU
		{6E7F7E0E-FC39-49E6-A637-ED199D88D060}.Debug|x86.Build.0 = Debug|Any CPU
		{6E7F7E0E-FC39-49E6-A637-ED199D88D060}.Release|Any CPU.ActiveCfg = Release|Any CPU
		{6E7F7E0E-FC39-49E6-A637-ED199D88D060}.Release|Any CPU.Build.0 = Release|Any CPU
		{6E7F7E0E-FC39-49E6-A637-ED199D88D060}.Release|x64.ActiveCfg = Release|Any CPU
		{6E7F7E0E-FC39-49E6-A637-ED199D88D060}.Release|x64.Build.0 = Release|Any CPU
		{6E7F7E0E-FC39-49E6-A637-ED199D88D060}.Release|x86.ActiveCfg = Release|Any CPU
		{6E7F7E0E-FC39-49E6-A637-ED199D88D060}.Release|x86.Build.0 = Release|Any CPU
	EndGlobalSection
	GlobalSection(SolutionProperties) = preSolution
		HideSolutionNode = FALSE
	EndGlobalSection
	GlobalSection(NestedProjects) = preSolution
		{6E7F7E0E-FC39-49E6-A637-ED199D88D060} = {A9BF47AA-592C-4F1B-B04F-8B31DAEC9879}
	EndGlobalSection
	GlobalSection(ExtensibilityGlobals) = postSolution
		SolutionGuid = {FA42D7C1-7A7B-4048-84E0-B61E1CDE96C9}
	EndGlobalSection
EndGlobal
